
Microsoft Visual Studio Solution File, Format Version 12.00
# Visual Studio Version 16
VisualStudioVersion = 16.0.31105.61
MinimumVisualStudioVersion = 10.0.40219.1
Project("{FAE04EC0-301F-11D3-BF4B-00C04F79EFBC}") = "LunoLander", "LunoLander.csproj", "{BD1E5BBC-8993-4354-9B30-E543164219A7}"
EndProject
Project("{FAE04EC0-301F-11D3-BF4B-00C04F79EFBC}") = "LunoExchange", "..\LunoRepository\LunoExchange.csproj", "{819BFF1A-42D0-4104-9B8B-8F9D160C6D63}"
EndProject
Global
	GlobalSection(SolutionConfigurationPlatforms) = preSolution
		Debug|Any CPU = Debug|Any CPU
		Release|Any CPU = Release|Any CPU
	EndGlobalSection
	GlobalSection(ProjectConfigurationPlatforms) = postSolution
		{BD1E5BBC-8993-4354-9B30-E543164219A7}.Debug|Any CPU.ActiveCfg = Debug|Any CPU
		{BD1E5BBC-8993-4354-9B30-E543164219A7}.Debug|Any CPU.Build.0 = Debug|Any CPU
		{BD1E5BBC-8993-4354-9B30-E543164219A7}.Release|Any CPU.ActiveCfg = Release|Any CPU
		{BD1E5BBC-8993-4354-9B30-E543164219A7}.Release|Any CPU.Build.0 = Release|Any CPU
		{819BFF1A-42D0-4104-9B8B-8F9D160C6D63}.Debug|Any CPU.ActiveCfg = Debug|Any CPU
		{819BFF1A-42D0-4104-9B8B-8F9D160C6D63}.Debug|Any CPU.Build.0 = Debug|Any CPU
		{819BFF1A-42D0-4104-9B8B-8F9D160C6D63}.Release|Any CPU.ActiveCfg = Release|Any CPU
		{819BFF1A-42D0-4104-9B8B-8F9D160C6D63}.Release|Any CPU.Build.0 = Release|Any CPU
	EndGlobalSection
	GlobalSection(SolutionProperties) = preSolution
		HideSolutionNode = FALSE
	EndGlobalSection
	GlobalSection(ExtensibilityGlobals) = postSolution
		SolutionGuid = {881AA9E3-4276-4338-9F3F-7E367C96FB7D}
	EndGlobalSection
EndGlobal
